// !$*UTF8*$!
{
	archiveVersion = 1;
	classes = {
	};
	objectVersion = 46;
	objects = {

/* Begin PBXBuildFile section */
		06F88F31E9FD6A3B0C198D5D /* Pods_PictureBrowser.framework in Frameworks */ = {isa = PBXBuildFile; fileRef = F7D80A28AD284216CAB25E51 /* Pods_PictureBrowser.framework */; };
		0C1F05AE1D36A56700BED52E /* AppDelegate.swift in Sources */ = {isa = PBXBuildFile; fileRef = 0C1F05AD1D36A56700BED52E /* AppDelegate.swift */; };
		0C1F05B31D36A56700BED52E /* Main.storyboard in Resources */ = {isa = PBXBuildFile; fileRef = 0C1F05B11D36A56700BED52E /* Main.storyboard */; };
		0C1F05B51D36A56700BED52E /* Assets.xcassets in Resources */ = {isa = PBXBuildFile; fileRef = 0C1F05B41D36A56700BED52E /* Assets.xcassets */; };
		0C1F05B81D36A56700BED52E /* LaunchScreen.storyboard in Resources */ = {isa = PBXBuildFile; fileRef = 0C1F05B61D36A56700BED52E /* LaunchScreen.storyboard */; };
		0C1F05C41D36A77500BED52E /* HomeCollectionViewController.swift in Sources */ = {isa = PBXBuildFile; fileRef = 0C1F05C31D36A77500BED52E /* HomeCollectionViewController.swift */; };
		0C1F05C61D36A78B00BED52E /* HomeCollectionViewFlowLayout.swift in Sources */ = {isa = PBXBuildFile; fileRef = 0C1F05C51D36A78B00BED52E /* HomeCollectionViewFlowLayout.swift */; };
		0CF8A43B1D37257F00D56D04 /* NetworkTools.swift in Sources */ = {isa = PBXBuildFile; fileRef = 0CF8A43A1D37257F00D56D04 /* NetworkTools.swift */; };
/* End PBXBuildFile section */

/* Begin PBXFileReference section */
		0C1F05AA1D36A56700BED52E /* PictureBrowser.app */ = {isa = PBXFileReference; explicitFileType = wrapper.application; includeInIndex = 0; path = PictureBrowser.app; sourceTree = BUILT_PRODUCTS_DIR; };
		0C1F05AD1D36A56700BED52E /* AppDelegate.swift */ = {isa = PBXFileReference; lastKnownFileType = sourcecode.swift; path = AppDelegate.swift; sourceTree = "<group>"; };
		0C1F05B21D36A56700BED52E /* Base */ = {isa = PBXFileReference; lastKnownFileType = file.storyboard; name = Base; path = Base.lproj/Main.storyboard; sourceTree = "<group>"; };
		0C1F05B41D36A56700BED52E /* Assets.xcassets */ = {isa = PBXFileReference; lastKnownFileType = folder.assetcatalog; path = Assets.xcassets; sourceTree = "<group>"; };
		0C1F05B71D36A56700BED52E /* Base */ = {isa = PBXFileReference; lastKnownFileType = file.storyboard; name = Base; path = Base.lproj/LaunchScreen.storyboard; sourceTree = "<group>"; };
		0C1F05B91D36A56700BED52E /* Info.plist */ = {isa = PBXFileReference; lastKnownFileType = text.plist.xml; path = Info.plist; sourceTree = "<group>"; };
		0C1F05C31D36A77500BED52E /* HomeCollectionViewController.swift */ = {isa = PBXFileReference; fileEncoding = 4; lastKnownFileType = sourcecode.swift; path = HomeCollectionViewController.swift; sourceTree = "<group>"; };
		0C1F05C51D36A78B00BED52E /* HomeCollectionViewFlowLayout.swift */ = {isa = PBXFileReference; fileEncoding = 4; lastKnownFileType = sourcecode.swift; path = HomeCollectionViewFlowLayout.swift; sourceTree = "<group>"; };
		0CF8A43A1D37257F00D56D04 /* NetworkTools.swift */ = {isa = PBXFileReference; fileEncoding = 4; lastKnownFileType = sourcecode.swift; path = NetworkTools.swift; sourceTree = "<group>"; };
		59850F9A614BE965CE99389F /* Pods-PictureBrowser.debug.xcconfig */ = {isa = PBXFileReference; includeInIndex = 1; lastKnownFileType = text.xcconfig; name = "Pods-PictureBrowser.debug.xcconfig"; path = "Pods/Target Support Files/Pods-PictureBrowser/Pods-PictureBrowser.debug.xcconfig"; sourceTree = "<group>"; };
		D41F343AF8791995C662C755 /* Pods-PictureBrowser.release.xcconfig */ = {isa = PBXFileReference; includeInIndex = 1; lastKnownFileType = text.xcconfig; name = "Pods-PictureBrowser.release.xcconfig"; path = "Pods/Target Support Files/Pods-PictureBrowser/Pods-PictureBrowser.release.xcconfig"; sourceTree = "<group>"; };
		F7D80A28AD284216CAB25E51 /* Pods_PictureBrowser.framework */ = {isa = PBXFileReference; explicitFileType = wrapper.framework; includeInIndex = 0; path = Pods_PictureBrowser.framework; sourceTree = BUILT_PRODUCTS_DIR; };
/* End PBXFileReference section */

/* Begin PBXFrameworksBuildPhase section */
		0C1F05A71D36A56700BED52E /* Frameworks */ = {
			isa = PBXFrameworksBuildPhase;
			buildActionMask = 2147483647;
			files = (
				06F88F31E9FD6A3B0C198D5D /* Pods_PictureBrowser.framework in Frameworks */,
			);
			runOnlyForDeploymentPostprocessing = 0;
		};
/* End PBXFrameworksBuildPhase section */

/* Begin PBXGroup section */
		0C1F05A11D36A56700BED52E = {
			isa = PBXGroup;
			children = (
				0C1F05AC1D36A56700BED52E /* PictureBrowser */,
				0C1F05AB1D36A56700BED52E /* Products */,
				8BE8E20A696B858F8593D2FB /* Pods */,
				E1F340A3207206C20982C783 /* Frameworks */,
			);
			sourceTree = "<group>";
		};
		0C1F05AB1D36A56700BED52E /* Products */ = {
			isa = PBXGroup;
			children = (
				0C1F05AA1D36A56700BED52E /* PictureBrowser.app */,
			);
			name = Products;
			sourceTree = "<group>";
		};
		0C1F05AC1D36A56700BED52E /* PictureBrowser */ = {
			isa = PBXGroup;
			children = (
				0C1F05BF1D36A73C00BED52E /* Classes */,
				0C1F05AD1D36A56700BED52E /* AppDelegate.swift */,
				0C1F05B11D36A56700BED52E /* Main.storyboard */,
				0C1F05B41D36A56700BED52E /* Assets.xcassets */,
				0C1F05B61D36A56700BED52E /* LaunchScreen.storyboard */,
				0C1F05B91D36A56700BED52E /* Info.plist */,
			);
			path = PictureBrowser;
			sourceTree = "<group>";
		};
		0C1F05BF1D36A73C00BED52E /* Classes */ = {
			isa = PBXGroup;
			children = (
				0C1F05C01D36A73C00BED52E /* Home */,
				0C1F05C11D36A73C00BED52E /* PictureBrowser */,
				0C1F05C21D36A73C00BED52E /* Tool */,
			);
			path = Classes;
			sourceTree = "<group>";
		};
		0C1F05C01D36A73C00BED52E /* Home */ = {
			isa = PBXGroup;
			children = (
				0C1F05C31D36A77500BED52E /* HomeCollectionViewController.swift */,
				0C1F05C51D36A78B00BED52E /* HomeCollectionViewFlowLayout.swift */,
			);
			path = Home;
			sourceTree = "<group>";
		};
		0C1F05C11D36A73C00BED52E /* PictureBrowser */ = {
			isa = PBXGroup;
			children = (
			);
			path = PictureBrowser;
			sourceTree = "<group>";
		};
		0C1F05C21D36A73C00BED52E /* Tool */ = {
			isa = PBXGroup;
			children = (
				0CF8A43A1D37257F00D56D04 /* NetworkTools.swift */,
			);
			path = Tool;
			sourceTree = "<group>";
		};
		8BE8E20A696B858F8593D2FB /* Pods */ = {
			isa = PBXGroup;
			children = (
				59850F9A614BE965CE99389F /* Pods-PictureBrowser.debug.xcconfig */,
				D41F343AF8791995C662C755 /* Pods-PictureBrowser.release.xcconfig */,
			);
			name = Pods;
			sourceTree = "<group>";
		};
		E1F340A3207206C20982C783 /* Frameworks */ = {
			isa = PBXGroup;
			children = (
				F7D80A28AD284216CAB25E51 /* Pods_PictureBrowser.framework */,
			);
			name = Frameworks;
			sourceTree = "<group>";
		};
/* End PBXGroup section */

/* Begin PBXNativeTarget section */
		0C1F05A91D36A56700BED52E /* PictureBrowser */ = {
			isa = PBXNativeTarget;
			buildConfigurationList = 0C1F05BC1D36A56700BED52E /* Build configuration list for PBXNativeTarget "PictureBrowser" */;
			buildPhases = (
				2217786DE521A615DC52AD0D /* [CP] Check Pods Manifest.lock */,
				0C1F05A61D36A56700BED52E /* Sources */,
				0C1F05A71D36A56700BED52E /* Frameworks */,
				0C1F05A81D36A56700BED52E /* Resources */,
				BB181F5A7E0CC858C5148C39 /* [CP] Embed Pods Frameworks */,
				8730248DAC93CD024128B5EA /* [CP] Copy Pods Resources */,
			);
			buildRules = (
			);
			dependencies = (
			);
			name = PictureBrowser;
			productName = PictureBrowser;
			productReference = 0C1F05AA1D36A56700BED52E /* PictureBrowser.app */;
			productType = "com.apple.product-type.application";
		};
/* End PBXNativeTarget section */

/* Begin PBXProject section */
		0C1F05A21D36A56700BED52E /* Project object */ = {
			isa = PBXProject;
			attributes = {
				LastSwiftUpdateCheck = 0730;
				LastUpgradeCheck = 0730;
				ORGANIZATIONNAME = WangJiwei;
				TargetAttributes = {
					0C1F05A91D36A56700BED52E = {
						CreatedOnToolsVersion = 7.3;
					};
				};
			};
			buildConfigurationList = 0C1F05A51D36A56700BED52E /* Build configuration list for PBXProject "PictureBrowser" */;
			compatibilityVersion = "Xcode 3.2";
			developmentRegion = English;
			hasScannedForEncodings = 0;
			knownRegions = (
				en,
				Base,
			);
			mainGroup = 0C1F05A11D36A56700BED52E;
			productRefGroup = 0C1F05AB1D36A56700BED52E /* Products */;
			projectDirPath = "";
			projectRoot = "";
			targets = (
				0C1F05A91D36A56700BED52E /* PictureBrowser */,
			);
		};
/* End PBXProject section */

/* Begin PBXResourcesBuildPhase section */
		0C1F05A81D36A56700BED52E /* Resources */ = {
			isa = PBXResourcesBuildPhase;
			buildActionMask = 2147483647;
			files = (
				0C1F05B81D36A56700BED52E /* LaunchScreen.storyboard in Resources */,
				0C1F05B51D36A56700BED52E /* Assets.xcassets in Resources */,
				0C1F05B31D36A56700BED52E /* Main.storyboard in Resources */,
			);
			runOnlyForDeploymentPostprocessing = 0;
		};
/* End PBXResourcesBuildPhase section */

/* Begin PBXShellScriptBuildPhase section */
		2217786DE521A615DC52AD0D /* [CP] Check Pods Manifest.lock */ = {
			isa = PBXShellScriptBuildPhase;
			buildActionMask = 2147483647;
			files = (
			);
			inputPaths = (
			);
			name = "[CP] Check Pods Manifest.lock";
			outputPaths = (
			);
			runOnlyForDeploymentPostprocessing = 0;
			shellPath = /bin/sh;
			shellScript = "diff \"${PODS_ROOT}/../Podfile.lock\" \"${PODS_ROOT}/Manifest.lock\" > /dev/null\nif [[ $? != 0 ]] ; then\n    cat << EOM\nerror: The sandbox is not in sync with the Podfile.lock. Run 'pod install' or update your CocoaPods installation.\nEOM\n    exit 1\nfi\n";
			showEnvVarsInLog = 0;
		};
		8730248DAC93CD024128B5EA /* [CP] Copy Pods Resources */ = {
			isa = PBXShellScriptBuildPhase;
			buildActionMask = 2147483647;
			files = (
			);
			inputPaths = (
			);
			name = "[CP] Copy Pods Resources";
			outputPaths = (
			);
			runOnlyForDeploymentPostprocessing = 0;
			shellPath = /bin/sh;
			shellScript = "\"${SRCROOT}/Pods/Target Support Files/Pods-PictureBrowser/Pods-PictureBrowser-resources.sh\"\n";
			showEnvVarsInLog = 0;
		};
		BB181F5A7E0CC858C5148C39 /* [CP] Embed Pods Frameworks */ = {
			isa = PBXShellScriptBuildPhase;
			buildActionMask = 2147483647;
			files = (
			);
			inputPaths = (
			);
			name = "[CP] Embed Pods Frameworks";
			outputPaths = (
			);
			runOnlyForDeploymentPostprocessing = 0;
			shellPath = /bin/sh;
			shellScript = "\"${SRCROOT}/Pods/Target Support Files/Pods-PictureBrowser/Pods-PictureBrowser-frameworks.sh\"\n";
			showEnvVarsInLog = 0;
		};
/* End PBXShellScriptBuildPhase section */

/* Begin PBXSourcesBuildPhase section */
		0C1F05A61D36A56700BED52E /* Sources */ = {
			isa = PBXSourcesBuildPhase;
			buildActionMask = 2147483647;
			files = (
				0CF8A43B1D37257F00D56D04 /* NetworkTools.swift in Sources */,
				0C1F05AE1D36A56700BED52E /* AppDelegate.swift in Sources */,
				0C1F05C41D36A77500BED52E /* HomeCollectionViewController.swift in Sources */,
				0C1F05C61D36A78B00BED52E /* HomeCollectionViewFlowLayout.swift in Sources */,
			);
			runOnlyForDeploymentPostprocessing = 0;
		};
/* End PBXSourcesBuildPhase section */

/* Begin PBXVariantGroup section */
		0C1F05B11D36A56700BED52E /* Main.storyboard */ = {
			isa = PBXVariantGroup;
			children = (
				0C1F05B21D36A56700BED52E /* Base */,
			);
			name = Main.storyboard;
			sourceTree = "<group>";
		};
		0C1F05B61D36A56700BED52E /* LaunchScreen.storyboard */ = {
			isa = PBXVariantGroup;
			children = (
				0C1F05B71D36A56700BED52E /* Base */,
			);
			name = LaunchScreen.storyboard;
			sourceTree = "<group>";
		};
/* End PBXVariantGroup section */

/* Begin XCBuildConfiguration section */
		0C1F05BA1D36A56700BED52E /* Debug */ = {
			isa = XCBuildConfiguration;
			buildSettings = {
				ALWAYS_SEARCH_USER_PATHS = NO;
				CLANG_ANALYZER_NONNULL = YES;
				CLANG_CXX_LANGUAGE_STANDARD = "gnu++0x";
				CLANG_CXX_LIBRARY = "libc++";
				CLANG_ENABLE_MODULES = YES;
				CLANG_ENABLE_OBJC_ARC = YES;
				CLANG_WARN_BOOL_CONVERSION = YES;
				CLANG_WARN_CONSTANT_CONVERSION = YES;
				CLANG_WARN_DIRECT_OBJC_ISA_USAGE = YES_ERROR;
				CLANG_WARN_EMPTY_BODY = YES;
				CLANG_WARN_ENUM_CONVERSION = YES;
				CLANG_WARN_INT_CONVERSION = YES;
				CLANG_WARN_OBJC_ROOT_CLASS = YES_ERROR;
				CLANG_WARN_UNREACHABLE_CODE = YES;
				CLANG_WARN__DUPLICATE_METHOD_MATCH = YES;
				"CODE_SIGN_IDENTITY[sdk=iphoneos*]" = "iPhone Developer";
				COPY_PHASE_STRIP = NO;
				DEBUG_INFORMATION_FORMAT = dwarf;
				ENABLE_STRICT_OBJC_MSGSEND = YES;
				ENABLE_TESTABILITY = YES;
				GCC_C_LANGUAGE_STANDARD = gnu99;
				GCC_DYNAMIC_NO_PIC = NO;
				GCC_NO_COMMON_BLOCKS = YES;
				GCC_OPTIMIZATION_LEVEL = 0;
				GCC_PREPROCESSOR_DEFINITIONS = (
					"DEBUG=1",
					"$(inherited)",
				);
				GCC_WARN_64_TO_32_BIT_CONVERSION = YES;
				GCC_WARN_ABOUT_RETURN_TYPE = YES_ERROR;
				GCC_WARN_UNDECLARED_SELECTOR = YES;
				GCC_WARN_UNINITIALIZED_AUTOS = YES_AGGRESSIVE;
				GCC_WARN_UNUSED_FUNCTION = YES;
				GCC_WARN_UNUSED_VARIABLE = YES;
				IPHONEOS_DEPLOYMENT_TARGET = 9.3;
				MTL_ENABLE_DEBUG_INFO = YES;
				ONLY_ACTIVE_ARCH = YES;
				SDKROOT = iphoneos;
				SWIFT_OPTIMIZATION_LEVEL = "-Onone";
			};
			name = Debug;
		};
		0C1F05BB1D36A56700BED52E /* Release */ = {
			isa = XCBuildConfiguration;
			buildSettings = {
				ALWAYS_SEARCH_USER_PATHS = NO;
				CLANG_ANALYZER_NONNULL = YES;
				CLANG_CXX_LANGUAGE_STANDARD = "gnu++0x";
				CLANG_CXX_LIBRARY = "libc++";
				CLANG_ENABLE_MODULES = YES;
				CLANG_ENABLE_OBJC_ARC = YES;
				CLANG_WARN_BOOL_CONVERSION = YES;
				CLANG_WARN_CONSTANT_CONVERSION = YES;
				CLANG_WARN_DIRECT_OBJC_ISA_USAGE = YES_ERROR;
				CLANG_WARN_EMPTY_BODY = YES;
				CLANG_WARN_ENUM_CONVERSION = YES;
				CLANG_WARN_INT_CONVERSION = YES;
				CLANG_WARN_OBJC_ROOT_CLASS = YES_ERROR;
				CLANG_WARN_UNREACHABLE_CODE = YES;
				CLANG_WARN__DUPLICATE_METHOD_MATCH = YES;
				"CODE_SIGN_IDENTITY[sdk=iphoneos*]" = "iPhone Developer";
				COPY_PHASE_STRIP = NO;
				DEBUG_INFORMATION_FORMAT = "dwarf-with-dsym";
				ENABLE_NS_ASSERTIONS = NO;
				ENABLE_STRICT_OBJC_MSGSEND = YES;
				GCC_C_LANGUAGE_STANDARD = gnu99;
				GCC_NO_COMMON_BLOCKS = YES;
				GCC_WARN_64_TO_32_BIT_CONVERSION = YES;
				GCC_WARN_ABOUT_RETURN_TYPE = YES_ERROR;
				GCC_WARN_UNDECLARED_SELECTOR = YES;
				GCC_WARN_UNINITIALIZED_AUTOS = YES_AGGRESSIVE;
				GCC_WARN_UNUSED_FUNCTION = YES;
				GCC_WARN_UNUSED_VARIABLE = YES;
				IPHONEOS_DEPLOYMENT_TARGET = 9.3;
				MTL_ENABLE_DEBUG_INFO = NO;
				SDKROOT = iphoneos;
				VALIDATE_PRODUCT = YES;
			};
			name = Release;
		};
		0C1F05BD1D36A56700BED52E /* Debug */ = {
			isa = XCBuildConfiguration;
			baseConfigurationReference = 59850F9A614BE965CE99389F /* Pods-PictureBrowser.debug.xcconfig */;
			buildSettings = {
				ASSETCATALOG_COMPILER_APPICON_NAME = AppIcon;
				ASSETCATALOG_COMPILER_LAUNCHIMAGE_NAME = "Brand Assets";
				INFOPLIST_FILE = PictureBrowser/Info.plist;
				LD_RUNPATH_SEARCH_PATHS = "$(inherited) @executable_path/Frameworks";
				PRODUCT_BUNDLE_IDENTIFIER = com.wangjiwei.PictureBrowser;
				PRODUCT_NAME = "$(TARGET_NAME)";
			};
			name = Debug;
		};
		0C1F05BE1D36A56700BED52E /* Release */ = {
			isa = XCBuildConfiguration;
			baseConfigurationReference = D41F343AF8791995C662C755 /* Pods-PictureBrowser.release.xcconfig */;
			buildSettings = {
				ASSETCATALOG_COMPILER_APPICON_NAME = AppIcon;
				ASSETCATALOG_COMPILER_LAUNCHIMAGE_NAME = "Brand Assets";
				INFOPLIST_FILE = PictureBrowser/Info.plist;
				LD_RUNPATH_SEARCH_PATHS = "$(inherited) @executable_path/Frameworks";
				PRODUCT_BUNDLE_IDENTIFIER = com.wangjiwei.PictureBrowser;
				PRODUCT_NAME = "$(TARGET_NAME)";
			};
			name = Release;
		};
/* End XCBuildConfiguration section */

/* Begin XCConfigurationList section */
		0C1F05A51D36A56700BED52E /* Build configuration list for PBXProject "PictureBrowser" */ = {
			isa = XCConfigurationList;
			buildConfigurations = (
				0C1F05BA1D36A56700BED52E /* Debug */,
				0C1F05BB1D36A56700BED52E /* Release */,
			);
			defaultConfigurationIsVisible = 0;
			defaultConfigurationName = Release;
		};
		0C1F05BC1D36A56700BED52E /* Build configuration list for PBXNativeTarget "PictureBrowser" */ = {
			isa = XCConfigurationList;
			buildConfigurations = (
				0C1F05BD1D36A56700BED52E /* Debug */,
				0C1F05BE1D36A56700BED52E /* Release */,
			);
			defaultConfigurationIsVisible = 0;
			defaultConfigurationName = Release;
		};
/* End XCConfigurationList section */
	};
	rootObject = 0C1F05A21D36A56700BED52E /* Project object */;
}
